{
  "name": "sr-npm",
  "version": "1.7.45",
  "lockfileVersion": 3,
  "requires": true,
  "packages": {
    "": {
      "name": "sr-npm",
      "version": "1.7.45",
      "license": "ISC",
      "dependencies": {
        "@hisense-staging/velo-npm": "1.7.249",
        "@wix/data": "^1.0.211"
      },
      "devDependencies": {
        "prettier": "^3.6.2"
      }
    },
    "node_modules/@babel/runtime": {
      "version": "7.27.6",
      "resolved": "https://registry.npmjs.org/@babel/runtime/-/runtime-7.27.6.tgz",
      "integrity": "sha512-vbavdySgbTTrmFE+EsiqUTzlOr5bzlnJtUv9PynGCAKvfQqjIXbvFdumPM/GxMDfyuGMJaJAU6TO4zc1Jf1i8Q==",
      "license": "MIT",
      "engines": {
        "node": ">=6.9.0"
      }
    },
    "node_modules/@hisense-staging/velo-npm": {
      "version": "1.7.249",
      "resolved": "https://registry.npmjs.org/@hisense-staging/velo-npm/-/velo-npm-1.7.249.tgz",
      "integrity": "sha512-pmm6VAE1KgRfuBMdfeXlFIHJcLaHXz+TnMtOGnUuLOfo2IqAUKxVqVgoC/v9txa3V/6c5hJQ5fWzvBYq6e6jHg==",
      "license": "ISC",
      "dependencies": {
        "@wix/data": "^1.0.211",
        "@wix/essentials": "^0.1.20",
        "@wix/site-location": "^1.25.0",
        "@wix/site-seo": "^1.21.0",
        "@wix/site-site": "^1.25.0",
        "@wix/site-storage": "^1.21.0",
        "@wix/site-window": "^1.30.0"
      },
      "engines": {
        "node": ">=20.0.0"
      }
    },
    "node_modules/@types/kind-of": {
      "version": "6.0.3",
      "resolved": "https://registry.npmjs.org/@types/kind-of/-/kind-of-6.0.3.tgz",
      "integrity": "sha512-JEwIR1oOC99PjUTd1LUHxq3gd6w9GGJ8nYUTHMfwOLszw6GuQB4ezsnk3WEeMOtOFx12Jk2JWrGttSnwUD4hrQ==",
      "license": "MIT",
      "dependencies": {
        "@types/node": "*"
      }
    },
    "node_modules/@types/node": {
      "version": "24.0.10",
      "resolved": "https://registry.npmjs.org/@types/node/-/node-24.0.10.tgz",
      "integrity": "sha512-ENHwaH+JIRTDIEEbDK6QSQntAYGtbvdDXnMXnZaZ6k13Du1dPMmprkEHIL7ok2Wl2aZevetwTAb5S+7yIF+enA==",
      "license": "MIT",
      "dependencies": {
        "undici-types": "~7.8.0"
      }
    },
    "node_modules/@types/safe-json-stringify": {
      "version": "1.1.5",
      "resolved": "https://registry.npmjs.org/@types/safe-json-stringify/-/safe-json-stringify-1.1.5.tgz",
      "integrity": "sha512-wQ1unJoajjDOP7bkg7FHOYelVp6BSsuBIFSvifNKeiMHegXWa6vddoqM/dHTVkX8bn9fJcor4Hukff9AtFybcA==",
      "license": "MIT"
    },
    "node_modules/@wix/auto_sdk_data_backups": {
      "version": "1.0.18",
      "resolved": "https://registry.npmjs.org/@wix/auto_sdk_data_backups/-/auto_sdk_data_backups-1.0.18.tgz",
      "integrity": "sha512-aHhVyTq/zK3FULoXJ4Rvpui6tUYxxgtHflfvi4hX1ELXIvOtIAxSp95pfiEtJgvsOvnA+fz272O5mtdCtClgmg==",
      "license": "MIT",
      "dependencies": {
        "@wix/sdk-runtime": "^0.3.55",
        "@wix/sdk-types": "^1.13.28"
      }
    },
    "node_modules/@wix/auto_sdk_data_collections": {
      "version": "1.0.17",
      "resolved": "https://registry.npmjs.org/@wix/auto_sdk_data_collections/-/auto_sdk_data_collections-1.0.17.tgz",
      "integrity": "sha512-uCzfBA+DqdZaEWF5pGfxjFXMtxfKAgCkdkQHCsUPUuus2bG9h8bc6c5RdGxEFuS52zREjk8O9MTSJpLkpJHj/g==",
      "license": "MIT",
      "dependencies": {
        "@wix/sdk-runtime": "^0.3.55",
        "@wix/sdk-types": "^1.13.28"
      }
    },
    "node_modules/@wix/auto_sdk_data_external-database": {
      "version": "1.0.11",
      "resolved": "https://registry.npmjs.org/@wix/auto_sdk_data_external-database/-/auto_sdk_data_external-database-1.0.11.tgz",
      "integrity": "sha512-OV3IVB0+JBC2WaxMX1wRMs/2E0dQ6RQqdZEA+gfr6f+fIKLP0zvkkzkrLcbR/D6Qo/w1bplyHgcx+yyIEyf/9Q==",
      "license": "MIT",
      "dependencies": {
        "@wix/sdk-runtime": "^0.3.55",
        "@wix/sdk-types": "^1.13.28"
      }
    },
    "node_modules/@wix/auto_sdk_data_external-database-connections": {
      "version": "1.0.19",
      "resolved": "https://registry.npmjs.org/@wix/auto_sdk_data_external-database-connections/-/auto_sdk_data_external-database-connections-1.0.19.tgz",
      "integrity": "sha512-k73m1gqG3OlPxAWvy5bPJ/9iZHdXkI630kk7A9fKB4PBjIjy17/ZWRcAu04mlQD+0F+f52wzZr4f8RuNyqYd0g==",
      "license": "MIT",
      "dependencies": {
        "@wix/sdk-runtime": "^0.3.55",
        "@wix/sdk-types": "^1.13.28"
      }
    },
    "node_modules/@wix/auto_sdk_data_indexes": {
      "version": "1.0.16",
      "resolved": "https://registry.npmjs.org/@wix/auto_sdk_data_indexes/-/auto_sdk_data_indexes-1.0.16.tgz",
      "integrity": "sha512-QaQS5qWGSd1UyA6SIPKfTxbRCo9zHTB7nKR7pHohSacR/OCZecSTEYmLnL4a8w2xVNb1E2Zd8CIHgNubf0uRCw==",
      "license": "MIT",
      "dependencies": {
        "@wix/sdk-runtime": "^0.3.55",
        "@wix/sdk-types": "^1.13.28"
      }
    },
    "node_modules/@wix/auto_sdk_data_movement-jobs": {
      "version": "1.0.5",
      "resolved": "https://registry.npmjs.org/@wix/auto_sdk_data_movement-jobs/-/auto_sdk_data_movement-jobs-1.0.5.tgz",
      "integrity": "sha512-paRnnuoLScFgJtEfzaMlbA1AV7nxULQFZlkn+tBhwxSk3Qls3Wp9yefYx/p4mttJK+AAKjQjUJ8U0avoz8y2rg==",
      "license": "MIT",
      "dependencies": {
        "@wix/sdk-runtime": "^0.3.55",
        "@wix/sdk-types": "^1.13.28"
      }
    },
    "node_modules/@wix/auto_sdk_data_permissions": {
      "version": "1.0.21",
      "resolved": "https://registry.npmjs.org/@wix/auto_sdk_data_permissions/-/auto_sdk_data_permissions-1.0.21.tgz",
      "integrity": "sha512-UIkbumfmgjaeu8JuWM11JMAMmw1pIA4K3qnwTnzr+HRldK8smRg8JBCeGFh8LwYP7sSTWRavfHeMj2ntnrXI+Q==",
      "license": "MIT",
      "dependencies": {
        "@wix/sdk-runtime": "^0.3.55",
        "@wix/sdk-types": "^1.13.28"
      }
    },
    "node_modules/@wix/auto_sdk_data_tasks": {
      "version": "1.0.17",
      "resolved": "https://registry.npmjs.org/@wix/auto_sdk_data_tasks/-/auto_sdk_data_tasks-1.0.17.tgz",
      "integrity": "sha512-3GmCJf84Sey90RTRdRvpdGsZI1EeFPZ4N7lxrOfXGlkhvci/518Ku7CqpYXdJ0YTk+r52WXm6yt7uDCHwacV7w==",
      "license": "MIT",
      "dependencies": {
        "@wix/sdk-runtime": "^0.3.55",
        "@wix/sdk-types": "^1.13.28"
      }
    },
    "node_modules/@wix/data": {
      "version": "1.0.250",
      "resolved": "https://registry.npmjs.org/@wix/data/-/data-1.0.250.tgz",
      "integrity": "sha512-8ysfnE8dt41/au8D6G5wHOCMdIn3kXGEwXa1zF/WAWmjt5zCLjEN9KiWCVDBi7vvv2rigM6VLpSjYLY5nf5FNw==",
      "license": "MIT",
      "dependencies": {
        "@wix/auto_sdk_data_backups": "1.0.18",
        "@wix/auto_sdk_data_collections": "1.0.17",
        "@wix/auto_sdk_data_external-database": "1.0.11",
        "@wix/auto_sdk_data_external-database-connections": "1.0.19",
        "@wix/auto_sdk_data_indexes": "1.0.16",
        "@wix/auto_sdk_data_movement-jobs": "1.0.5",
        "@wix/auto_sdk_data_permissions": "1.0.21",
        "@wix/auto_sdk_data_tasks": "1.0.17",
        "@wix/wix-data-items-sdk": "1.0.342"
      }
    },
    "node_modules/@wix/error-handler-types": {
      "version": "1.10.0",
      "resolved": "https://registry.npmjs.org/@wix/error-handler-types/-/error-handler-types-1.10.0.tgz",
      "integrity": "sha512-AuF7punWWtOkwzb8g4k1lFlIvTFYB00wqMAKbeC6/00n/mTTL1+RC97cDDq8mC5bmEdd8Nk6wBv39lYumlmSVw==",
      "license": "UNLICENSED",
      "dependencies": {
        "@babel/runtime": "^7.27.6"
      }
    },
    "node_modules/@wix/essentials": {
      "version": "0.1.24",
      "resolved": "https://registry.npmjs.org/@wix/essentials/-/essentials-0.1.24.tgz",
      "integrity": "sha512-ks7e33L/+XpEwhwRK5WQetf7M8dVp6UjFW0FrFS3YLVOaWem9JhfkDQPuv9EmQwLK51GUEgZ7ju0oY0rdjBemw==",
      "license": "MIT",
      "dependencies": {
        "@wix/monitoring": "^0.21.0",
        "@wix/sdk-runtime": "^0.3.55",
        "@wix/sdk-types": "^1.13.31"
      },
      "optionalDependencies": {
        "graphql": "^0.8.0 || ^0.9.0 || ^0.10.0 || ^0.11.0 || ^0.12.0 || ^0.13.0 || ^14.0.0 || ^15.0.0 || ^16.0.0 || ^17.0.0"
      }
    },
    "node_modules/@wix/filter-builder": {
      "version": "1.0.154",
      "resolved": "https://registry.npmjs.org/@wix/filter-builder/-/filter-builder-1.0.154.tgz",
      "integrity": "sha512-60t/rm7XlLQ4f4U9MO2O8JfZHwU4/gK3s8wX6geDv5knsHRZtkw4k5iw7LkAyIAzdB0rvxvAgq9ow61viACGgw==",
      "license": "UNLICENSED",
      "dependencies": {
        "@babel/runtime": "^7.27.0",
        "kind-of": "~5.1.0",
        "tslib": "^2.8.1"
      }
    },
    "node_modules/@wix/filter-builder/node_modules/kind-of": {
      "version": "5.1.0",
      "resolved": "https://registry.npmjs.org/kind-of/-/kind-of-5.1.0.tgz",
      "integrity": "sha512-NGEErnH6F2vUuXDh+OlbcKW7/wOcfdRHaZ7VWtqCztfHri/++YKmP51OdWeGPuqCOba6kk2OTe5d02VmTB80Pw==",
      "license": "MIT",
      "engines": {
        "node": ">=0.10.0"
      }
    },
    "node_modules/@wix/monitoring": {
      "version": "0.21.0",
      "resolved": "https://registry.npmjs.org/@wix/monitoring/-/monitoring-0.21.0.tgz",
      "integrity": "sha512-2KC4ZuJE4abToc2QelY7Bv99BOfbvZiAK8PY5090iP4YVGM9t+VgUdg8H6l94Q0bF/vF44dcA9rjFiEcUz4K7g==",
      "license": "UNLICENSED",
      "dependencies": {
        "@wix/monitoring-types": "0.12.0"
      }
    },
    "node_modules/@wix/monitoring-types": {
      "version": "0.12.0",
      "resolved": "https://registry.npmjs.org/@wix/monitoring-types/-/monitoring-types-0.12.0.tgz",
      "integrity": "sha512-nlv4jwQMewjzPIWFF9rnKf9WhVojj67oLtvilYXfi+lnhXyVlYOfqCnL3qLJuKtJ6wT5XIJdt0Fj0su2NM5taQ==",
      "license": "UNLICENSED"
    },
    "node_modules/@wix/sdk-context": {
      "version": "0.0.1",
      "resolved": "https://registry.npmjs.org/@wix/sdk-context/-/sdk-context-0.0.1.tgz",
      "integrity": "sha512-ziSzrceUC0KFn4IJIVBn1cXXKrZ49ZKG5tQ6fl+TpontyUw5p/Z4VofFUUsnqNl9JYCpYNTzIXpzwok93Vrl8A==",
      "license": "UNLICENSED"
    },
    "node_modules/@wix/sdk-runtime": {
      "version": "0.3.57",
      "resolved": "https://registry.npmjs.org/@wix/sdk-runtime/-/sdk-runtime-0.3.57.tgz",
      "integrity": "sha512-e+9QO9y4qCU6m+sdo7cI6vMGsmrUKDD82LwYkJCZOYX0d5KfxmxsYifyleI1U9DKGJyUj1spQEa5195mLYZ6gg==",
      "license": "MIT",
      "dependencies": {
        "@wix/sdk-context": "0.0.1",
        "@wix/sdk-types": "^1.13.32"
      }
    },
    "node_modules/@wix/sdk-types": {
      "version": "1.13.32",
      "resolved": "https://registry.npmjs.org/@wix/sdk-types/-/sdk-types-1.13.32.tgz",
      "integrity": "sha512-C4jIM4GvWEHqN8XH7ydDdQ44S9xxuhMpUGZRRZamTruGeZUZ2Gj9M+EYi03lZiNJTeUIlirxSB3UJE9V3syicA==",
      "license": "MIT",
      "dependencies": {
        "@wix/error-handler-types": "^1.10.0",
        "@wix/monitoring-types": "^0.12.0",
        "type-fest": "^4.41.0"
      }
    },
    "node_modules/@wix/site-location": {
      "version": "1.26.0",
      "resolved": "https://registry.npmjs.org/@wix/site-location/-/site-location-1.26.0.tgz",
      "integrity": "sha512-xXeI7z2igP/PtTqInY73tMCbIonHVTBQsC4s2eHXZFX9y+HQdbY2YFg2AHhoG0h0y3+YaBdllvAnqA5Z6ZCfEg==",
      "license": "UNLICENSED",
      "dependencies": {
        "@babel/runtime": "^7.0.0",
        "@wix/sdk-runtime": "^0.3.11",
        "@wix/sdk-types": "^1.13.3"
      }
    },
    "node_modules/@wix/site-seo": {
      "version": "1.21.0",
      "resolved": "https://registry.npmjs.org/@wix/site-seo/-/site-seo-1.21.0.tgz",
      "integrity": "sha512-xZmxD8hF+DXYgidTrQG5PmRc0owfPOV6wQFmEZE/7YO4SNKW7F3OUWEcXrLkXc1URlgftMU4BBkxobl/Unm4dw==",
      "license": "UNLICENSED",
      "dependencies": {
        "@babel/runtime": "^7.0.0",
        "@wix/sdk-runtime": "^0.3.11",
        "@wix/sdk-types": "^1.13.3"
      }
    },
    "node_modules/@wix/site-site": {
      "version": "1.25.0",
      "resolved": "https://registry.npmjs.org/@wix/site-site/-/site-site-1.25.0.tgz",
      "integrity": "sha512-1ez295s1QK77t8bkyGSyQh3saXKy1YZ5UCk71Qd7mXbE3vScP+IkPcq4U1FDqsNJIICnb03vG6K3xb3wnPTpFg==",
      "license": "UNLICENSED",
      "dependencies": {
        "@babel/runtime": "^7.0.0",
        "@wix/sdk-runtime": "^0.3.11",
        "@wix/sdk-types": "^1.13.3"
      }
    },
    "node_modules/@wix/site-storage": {
      "version": "1.21.0",
      "resolved": "https://registry.npmjs.org/@wix/site-storage/-/site-storage-1.21.0.tgz",
      "integrity": "sha512-j7q3GNFC3lHQKTBY9BZ96ZgTXUAYbjwvNtd1QMNB2Gm8ph3y+NFRHOWHQ3O3y0e7RuIf+a0X87OAiowYq866Kw==",
      "license": "UNLICENSED",
      "dependencies": {
        "@babel/runtime": "^7.0.0",
        "@wix/sdk-runtime": "^0.3.11",
        "@wix/sdk-types": "^1.13.3"
      }
    },
    "node_modules/@wix/site-window": {
      "version": "1.39.0",
      "resolved": "https://registry.npmjs.org/@wix/site-window/-/site-window-1.39.0.tgz",
      "integrity": "sha512-L9ro3wLJAsZ/+2uhB/Wh74VUlkfYnQO41dNMGOEuazYFErVGsGNOvlfmVEv9DWSgytqieyrnGDIVuSH1abLSOQ==",
      "license": "UNLICENSED",
      "dependencies": {
        "@babel/runtime": "^7.0.0",
        "@wix/sdk-runtime": "^0.3.11",
        "@wix/sdk-types": "^1.13.3"
      }
    },
    "node_modules/@wix/wix-data-items-common": {
      "version": "1.0.154",
      "resolved": "https://registry.npmjs.org/@wix/wix-data-items-common/-/wix-data-items-common-1.0.154.tgz",
      "integrity": "sha512-MwtZ/fV4ka3SGafWItbtItut07fi6W/7C/wDulpFiSvxTCN1BIVa9h35DWOWF3OOl+KWZlwLL7ZLTRbqq8gQNg==",
      "license": "UNLICENSED",
      "dependencies": {
        "@babel/runtime": "^7.27.0",
        "@types/kind-of": "^6.0.3",
        "@types/safe-json-stringify": "^1.1.5",
        "@wix/filter-builder": "1.0.154",
        "kind-of": "^6.0.3",
        "safe-json-stringify": "^1.2.0"
      }
    },
    "node_modules/@wix/wix-data-items-sdk": {
      "version": "1.0.342",
      "resolved": "https://registry.npmjs.org/@wix/wix-data-items-sdk/-/wix-data-items-sdk-1.0.342.tgz",
      "integrity": "sha512-d6osYCoVF9t9zkboBz7a2Xo0k+BYoCRkneubBoX7Q/unOD4O4vyXqOlTtjqu1m9Q7G5M+1lnZW1ZeBKANIbLtA==",
      "license": "UNLICENSED",
      "dependencies": {
        "@wix/sdk-runtime": "^0.3.52",
        "@wix/sdk-types": "^1.13.28",
        "@wix/wix-data-items-common": "1.0.154"
      }
    },
    "node_modules/graphql": {
      "version": "16.11.0",
      "resolved": "https://registry.npmjs.org/graphql/-/graphql-16.11.0.tgz",
      "integrity": "sha512-mS1lbMsxgQj6hge1XZ6p7GPhbrtFwUFYi3wRzXAC/FmYnyXMTvvI3td3rjmQ2u8ewXueaSvRPWaEcgVVOT9Jnw==",
      "license": "MIT",
      "optional": true,
      "engines": {
        "node": "^12.22.0 || ^14.16.0 || ^16.0.0 || >=17.0.0"
      }
    },
    "node_modules/kind-of": {
      "version": "6.0.3",
      "resolved": "https://registry.npmjs.org/kind-of/-/kind-of-6.0.3.tgz",
      "integrity": "sha512-dcS1ul+9tmeD95T+x28/ehLgd9mENa3LsvDTtzm3vyBEO7RPptvAD+t44WVXaUjTBRcrpFeFlC8WCruUR456hw==",
      "license": "MIT",
      "engines": {
        "node": ">=0.10.0"
      }
    },
    "node_modules/prettier": {
      "version": "3.6.2",
      "resolved": "https://registry.npmjs.org/prettier/-/prettier-3.6.2.tgz",
      "integrity": "sha512-I7AIg5boAr5R0FFtJ6rCfD+LFsWHp81dolrFD8S79U9tb8Az2nGrJncnMSnys+bpQJfRUzqs9hnA81OAA3hCuQ==",
      "dev": true,
      "license": "MIT",
      "bin": {
        "prettier": "bin/prettier.cjs"
      },
      "engines": {
        "node": ">=14"
      },
      "funding": {
        "url": "https://github.com/prettier/prettier?sponsor=1"
      }
    },
    "node_modules/safe-json-stringify": {
      "version": "1.2.0",
      "resolved": "https://registry.npmjs.org/safe-json-stringify/-/safe-json-stringify-1.2.0.tgz",
      "integrity": "sha512-gH8eh2nZudPQO6TytOvbxnuhYBOvDBBLW52tz5q6X58lJcd/tkmqFR+5Z9adS8aJtURSXWThWy/xJtJwixErvg==",
      "license": "MIT"
    },
    "node_modules/tslib": {
      "version": "2.8.1",
      "resolved": "https://registry.npmjs.org/tslib/-/tslib-2.8.1.tgz",
      "integrity": "sha512-oJFu94HQb+KVduSUQL7wnpmqnfmLsOA/nAh6b6EH0wCEoK0/mPeXU6c3wKDV83MkOuHPRHtSXKKU99IBazS/2w==",
      "license": "0BSD"
    },
    "node_modules/type-fest": {
      "version": "4.41.0",
      "resolved": "https://registry.npmjs.org/type-fest/-/type-fest-4.41.0.tgz",
      "integrity": "sha512-TeTSQ6H5YHvpqVwBRcnLDCBnDOHWYu7IvGbHT6N8AOymcr9PJGjc1GTtiWZTYg0NCgYwvnYWEkVChQAr9bjfwA==",
      "license": "(MIT OR CC0-1.0)",
      "engines": {
        "node": ">=16"
      },
      "funding": {
        "url": "https://github.com/sponsors/sindresorhus"
      }
    },
    "node_modules/undici-types": {
      "version": "7.8.0",
      "resolved": "https://registry.npmjs.org/undici-types/-/undici-types-7.8.0.tgz",
      "integrity": "sha512-9UJ2xGDvQ43tYyVMpuHlsgApydB8ZKfVYTsLDhXkFL/6gfkp+U8xTGdh8pMJv1SpZna0zxG1DwsKZsreLbXBxw==",
      "license": "MIT"
    }
  }
}
